
Microsoft Visual Studio Solution File, Format Version 12.00
# Visual Studio Version 17
VisualStudioVersion = 17.0.31903.59
MinimumVisualStudioVersion = 10.0.40219.1
Project("{FAE04EC0-301F-11D3-BF4B-00C04F79EFBC}") = "WorkoutTracker.App", "WorkoutTracker.App\WorkoutTracker.App.csproj", "{4E35ACB8-5855-42FE-98B1-576E08AF9EE5}"
EndProject
Project("{FAE04EC0-301F-11D3-BF4B-00C04F79EFBC}") = "WorkoutTracker.Core", "WorkoutTracker.Core\WorkoutTracker.Core.csproj", "{D531E8FE-7FE2-4A9D-AF4C-2B33879E7D10}"
EndProject
Project("{FAE04EC0-301F-11D3-BF4B-00C04F79EFBC}") = "WorkoutTracker.Tests", "WorkoutTracker.Tests\WorkoutTracker.Tests.csproj", "{234BA554-9F34-48D4-B2DB-B3D740901C0F}"
EndProject
Global
	GlobalSection(SolutionConfigurationPlatforms) = preSolution
		Debug|Any CPU = Debug|Any CPU
		Debug|x64 = Debug|x64
		Debug|x86 = Debug|x86
		Release|Any CPU = Release|Any CPU
		Release|x64 = Release|x64
		Release|x86 = Release|x86
	EndGlobalSection
	GlobalSection(ProjectConfigurationPlatforms) = postSolution
		{4E35ACB8-5855-42FE-98B1-576E08AF9EE5}.Debug|Any CPU.ActiveCfg = Debug|Any CPU
		{4E35ACB8-5855-42FE-98B1-576E08AF9EE5}.Debug|Any CPU.Build.0 = Debug|Any CPU
		{4E35ACB8-5855-42FE-98B1-576E08AF9EE5}.Debug|x64.ActiveCfg = Debug|Any CPU
		{4E35ACB8-5855-42FE-98B1-576E08AF9EE5}.Debug|x64.Build.0 = Debug|Any CPU
		{4E35ACB8-5855-42FE-98B1-576E08AF9EE5}.Debug|x86.ActiveCfg = Debug|Any CPU
		{4E35ACB8-5855-42FE-98B1-576E08AF9EE5}.Debug|x86.Build.0 = Debug|Any CPU
		{4E35ACB8-5855-42FE-98B1-576E08AF9EE5}.Release|Any CPU.ActiveCfg = Release|Any CPU
		{4E35ACB8-5855-42FE-98B1-576E08AF9EE5}.Release|Any CPU.Build.0 = Release|Any CPU
		{4E35ACB8-5855-42FE-98B1-576E08AF9EE5}.Release|x64.ActiveCfg = Release|Any CPU
		{4E35ACB8-5855-42FE-98B1-576E08AF9EE5}.Release|x64.Build.0 = Release|Any CPU
		{4E35ACB8-5855-42FE-98B1-576E08AF9EE5}.Release|x86.ActiveCfg = Release|Any CPU
		{4E35ACB8-5855-42FE-98B1-576E08AF9EE5}.Release|x86.Build.0 = Release|Any CPU
		{D531E8FE-7FE2-4A9D-AF4C-2B33879E7D10}.Debug|Any CPU.ActiveCfg = Debug|Any CPU
		{D531E8FE-7FE2-4A9D-AF4C-2B33879E7D10}.Debug|Any CPU.Build.0 = Debug|Any CPU
		{D531E8FE-7FE2-4A9D-AF4C-2B33879E7D10}.Debug|x64.ActiveCfg = Debug|Any CPU
		{D531E8FE-7FE2-4A9D-AF4C-2B33879E7D10}.Debug|x64.Build.0 = Debug|Any CPU
		{D531E8FE-7FE2-4A9D-AF4C-2B33879E7D10}.Debug|x86.ActiveCfg = Debug|Any CPU
		{D531E8FE-7FE2-4A9D-AF4C-2B33879E7D10}.Debug|x86.Build.0 = Debug|Any CPU
		{D531E8FE-7FE2-4A9D-AF4C-2B33879E7D10}.Release|Any CPU.ActiveCfg = Release|Any CPU
		{D531E8FE-7FE2-4A9D-AF4C-2B33879E7D10}.Release|Any CPU.Build.0 = Release|Any CPU
		{D531E8FE-7FE2-4A9D-AF4C-2B33879E7D10}.Release|x64.ActiveCfg = Release|Any CPU
		{D531E8FE-7FE2-4A9D-AF4C-2B33879E7D10}.Release|x64.Build.0 = Release|Any CPU
		{D531E8FE-7FE2-4A9D-AF4C-2B33879E7D10}.Release|x86.ActiveCfg = Release|Any CPU
		{D531E8FE-7FE2-4A9D-AF4C-2B33879E7D10}.Release|x86.Build.0 = Release|Any CPU
		{234BA554-9F34-48D4-B2DB-B3D740901C0F}.Debug|Any CPU.ActiveCfg = Debug|Any CPU
		{234BA554-9F34-48D4-B2DB-B3D740901C0F}.Debug|Any CPU.Build.0 = Debug|Any CPU
		{234BA554-9F34-48D4-B2DB-B3D740901C0F}.Debug|x64.ActiveCfg = Debug|Any CPU
		{234BA554-9F34-48D4-B2DB-B3D740901C0F}.Debug|x64.Build.0 = Debug|Any CPU
		{234BA554-9F34-48D4-B2DB-B3D740901C0F}.Debug|x86.ActiveCfg = Debug|Any CPU
		{234BA554-9F34-48D4-B2DB-B3D740901C0F}.Debug|x86.Build.0 = Debug|Any CPU
		{234BA554-9F34-48D4-B2DB-B3D740901C0F}.Release|Any CPU.ActiveCfg = Release|Any CPU
		{234BA554-9F34-48D4-B2DB-B3D740901C0F}.Release|Any CPU.Build.0 = Release|Any CPU
		{234BA554-9F34-48D4-B2DB-B3D740901C0F}.Release|x64.ActiveCfg = Release|Any CPU
		{234BA554-9F34-48D4-B2DB-B3D740901C0F}.Release|x64.Build.0 = Release|Any CPU
		{234BA554-9F34-48D4-B2DB-B3D740901C0F}.Release|x86.ActiveCfg = Release|Any CPU
		{234BA554-9F34-48D4-B2DB-B3D740901C0F}.Release|x86.Build.0 = Release|Any CPU
	EndGlobalSection
	GlobalSection(SolutionProperties) = preSolution
		HideSolutionNode = FALSE
	EndGlobalSection
EndGlobal
